
Microsoft Visual Studio Solution File, Format Version 12.00
# Visual Studio Version 16
VisualStudioVersion = 16.0.30225.117
MinimumVisualStudioVersion = 10.0.40219.1
Project("{FAE04EC0-301F-11D3-BF4B-00C04F79EFBC}") = "EBankingServices", "EBankingServices.csproj", "{1AA87FE1-C115-426D-8FF5-124049EBA241}"
EndProject
Project("{FAE04EC0-301F-11D3-BF4B-00C04F79EFBC}") = "EBankingClient", "..\EBankingClient\EBankingClient.csproj", "{073604C0-05D6-46CF-BACD-B475D442B6F3}"
	ProjectSection(ProjectDependencies) = postProject
		{1AA87FE1-C115-426D-8FF5-124049EBA241} = {1AA87FE1-C115-426D-8FF5-124049EBA241}
	EndProjectSection
EndProject
Global
	GlobalSection(SolutionConfigurationPlatforms) = preSolution
		Debug|Any CPU = Debug|Any CPU
		Release|Any CPU = Release|Any CPU
	EndGlobalSection
	GlobalSection(ProjectConfigurationPlatforms) = postSolution
		{1AA87FE1-C115-426D-8FF5-124049EBA241}.Debug|Any CPU.ActiveCfg = Debug|Any CPU
		{1AA87FE1-C115-426D-8FF5-124049EBA241}.Debug|Any CPU.Build.0 = Debug|Any CPU
		{1AA87FE1-C115-426D-8FF5-124049EBA241}.Release|Any CPU.ActiveCfg = Release|Any CPU
		{1AA87FE1-C115-426D-8FF5-124049EBA241}.Release|Any CPU.Build.0 = Release|Any CPU
		{073604C0-05D6-46CF-BACD-B475D442B6F3}.Debug|Any CPU.ActiveCfg = Debug|Any CPU
		{073604C0-05D6-46CF-BACD-B475D442B6F3}.Debug|Any CPU.Build.0 = Debug|Any CPU
		{073604C0-05D6-46CF-BACD-B475D442B6F3}.Release|Any CPU.ActiveCfg = Release|Any CPU
		{073604C0-05D6-46CF-BACD-B475D442B6F3}.Release|Any CPU.Build.0 = Release|Any CPU
	EndGlobalSection
	GlobalSection(SolutionProperties) = preSolution
		HideSolutionNode = FALSE
	EndGlobalSection
	GlobalSection(ExtensibilityGlobals) = postSolution
		SolutionGuid = {80434D4C-E75D-452F-960D-751954E62A1F}
	EndGlobalSection
EndGlobal
